
Microsoft Visual Studio Solution File, Format Version 12.00
# Visual Studio 15
VisualStudioVersion = 15.0.26124.0
MinimumVisualStudioVersion = 15.0.26124.0
Project("{2150E333-8FDC-42A3-9474-1A3956D46DE8}") = "src", "src", "{880D47A6-338D-416A-88FB-7751CC1B9AAA}"
EndProject
Project("{FAE04EC0-301F-11D3-BF4B-00C04F79EFBC}") = "ddd-seed", "src\ddd-seed\ddd-seed.csproj", "{561D2075-B93A-4642-8E30-8F198B686E14}"
EndProject
Project("{2150E333-8FDC-42A3-9474-1A3956D46DE8}") = "test", "test", "{95C1B34C-6510-4F1D-8404-450C0B29876E}"
EndProject
Project("{FAE04EC0-301F-11D3-BF4B-00C04F79EFBC}") = "ddd-seed.UnitTests", "test\ddd-seed.UnitTests\ddd-seed.UnitTests.csproj", "{BC5E41E5-B873-49E0-A54C-618C8C1F918D}"
EndProject
Project("{FAE04EC0-301F-11D3-BF4B-00C04F79EFBC}") = "Paging", "src\Paging\Paging.csproj", "{39EDDD45-BBDD-4308-924C-594B5FF80E15}"
EndProject
Project("{FAE04EC0-301F-11D3-BF4B-00C04F79EFBC}") = "Paging.UnitTests", "test\Paging.UnitTests\Paging.UnitTests.csproj", "{27A838D4-8926-431A-A7F7-66DD5F86B22F}"
EndProject
Project("{FAE04EC0-301F-11D3-BF4B-00C04F79EFBC}") = "TagHelpers", "src\TagHelpers\TagHelpers.csproj", "{BF235F74-5AEF-4419-BA20-CE18877A5FF9}"
EndProject
Project("{FAE04EC0-301F-11D3-BF4B-00C04F79EFBC}") = "TagHelpers.UnitTests", "test\TagHelpers.UnitTests\TagHelpers.UnitTests.csproj", "{AABF7B72-84B9-4E0B-98EB-A9FB9E9013EE}"
EndProject
Global
	GlobalSection(SolutionConfigurationPlatforms) = preSolution
		Debug|Any CPU = Debug|Any CPU
		Debug|x64 = Debug|x64
		Debug|x86 = Debug|x86
		Release|Any CPU = Release|Any CPU
		Release|x64 = Release|x64
		Release|x86 = Release|x86
	EndGlobalSection
	GlobalSection(ProjectConfigurationPlatforms) = postSolution
		{561D2075-B93A-4642-8E30-8F198B686E14}.Debug|Any CPU.ActiveCfg = Debug|Any CPU
		{561D2075-B93A-4642-8E30-8F198B686E14}.Debug|Any CPU.Build.0 = Debug|Any CPU
		{561D2075-B93A-4642-8E30-8F198B686E14}.Debug|x64.ActiveCfg = Debug|Any CPU
		{561D2075-B93A-4642-8E30-8F198B686E14}.Debug|x64.Build.0 = Debug|Any CPU
		{561D2075-B93A-4642-8E30-8F198B686E14}.Debug|x86.ActiveCfg = Debug|Any CPU
		{561D2075-B93A-4642-8E30-8F198B686E14}.Debug|x86.Build.0 = Debug|Any CPU
		{561D2075-B93A-4642-8E30-8F198B686E14}.Release|Any CPU.ActiveCfg = Release|Any CPU
		{561D2075-B93A-4642-8E30-8F198B686E14}.Release|Any CPU.Build.0 = Release|Any CPU
		{561D2075-B93A-4642-8E30-8F198B686E14}.Release|x64.ActiveCfg = Release|Any CPU
		{561D2075-B93A-4642-8E30-8F198B686E14}.Release|x64.Build.0 = Release|Any CPU
		{561D2075-B93A-4642-8E30-8F198B686E14}.Release|x86.ActiveCfg = Release|Any CPU
		{561D2075-B93A-4642-8E30-8F198B686E14}.Release|x86.Build.0 = Release|Any CPU
		{BC5E41E5-B873-49E0-A54C-618C8C1F918D}.Debug|Any CPU.ActiveCfg = Debug|Any CPU
		{BC5E41E5-B873-49E0-A54C-618C8C1F918D}.Debug|Any CPU.Build.0 = Debug|Any CPU
		{BC5E41E5-B873-49E0-A54C-618C8C1F918D}.Debug|x64.ActiveCfg = Debug|Any CPU
		{BC5E41E5-B873-49E0-A54C-618C8C1F918D}.Debug|x64.Build.0 = Debug|Any CPU
		{BC5E41E5-B873-49E0-A54C-618C8C1F918D}.Debug|x86.ActiveCfg = Debug|Any CPU
		{BC5E41E5-B873-49E0-A54C-618C8C1F918D}.Debug|x86.Build.0 = Debug|Any CPU
		{BC5E41E5-B873-49E0-A54C-618C8C1F918D}.Release|Any CPU.ActiveCfg = Release|Any CPU
		{BC5E41E5-B873-49E0-A54C-618C8C1F918D}.Release|Any CPU.Build.0 = Release|Any CPU
		{BC5E41E5-B873-49E0-A54C-618C8C1F918D}.Release|x64.ActiveCfg = Release|Any CPU
		{BC5E41E5-B873-49E0-A54C-618C8C1F918D}.Release|x64.Build.0 = Release|Any CPU
		{BC5E41E5-B873-49E0-A54C-618C8C1F918D}.Release|x86.ActiveCfg = Release|Any CPU
		{BC5E41E5-B873-49E0-A54C-618C8C1F918D}.Release|x86.Build.0 = Release|Any CPU
		{39EDDD45-BBDD-4308-924C-594B5FF80E15}.Debug|Any CPU.ActiveCfg = Debug|Any CPU
		{39EDDD45-BBDD-4308-924C-594B5FF80E15}.Debug|Any CPU.Build.0 = Debug|Any CPU
		{39EDDD45-BBDD-4308-924C-594B5FF80E15}.Debug|x64.ActiveCfg = Debug|Any CPU
		{39EDDD45-BBDD-4308-924C-594B5FF80E15}.Debug|x64.Build.0 = Debug|Any CPU
		{39EDDD45-BBDD-4308-924C-594B5FF80E15}.Debug|x86.ActiveCfg = Debug|Any CPU
		{39EDDD45-BBDD-4308-924C-594B5FF80E15}.Debug|x86.Build.0 = Debug|Any CPU
		{39EDDD45-BBDD-4308-924C-594B5FF80E15}.Release|Any CPU.ActiveCfg = Release|Any CPU
		{39EDDD45-BBDD-4308-924C-594B5FF80E15}.Release|Any CPU.Build.0 = Release|Any CPU
		{39EDDD45-BBDD-4308-924C-594B5FF80E15}.Release|x64.ActiveCfg = Release|Any CPU
		{39EDDD45-BBDD-4308-924C-594B5FF80E15}.Release|x64.Build.0 = Release|Any CPU
		{39EDDD45-BBDD-4308-924C-594B5FF80E15}.Release|x86.ActiveCfg = Release|Any CPU
		{39EDDD45-BBDD-4308-924C-594B5FF80E15}.Release|x86.Build.0 = Release|Any CPU
		{27A838D4-8926-431A-A7F7-66DD5F86B22F}.Debug|Any CPU.ActiveCfg = Debug|Any CPU
		{27A838D4-8926-431A-A7F7-66DD5F86B22F}.Debug|Any CPU.Build.0 = Debug|Any CPU
		{27A838D4-8926-431A-A7F7-66DD5F86B22F}.Debug|x64.ActiveCfg = Debug|Any CPU
		{27A838D4-8926-431A-A7F7-66DD5F86B22F}.Debug|x64.Build.0 = Debug|Any CPU
		{27A838D4-8926-431A-A7F7-66DD5F86B22F}.Debug|x86.ActiveCfg = Debug|Any CPU
		{27A838D4-8926-431A-A7F7-66DD5F86B22F}.Debug|x86.Build.0 = Debug|Any CPU
		{27A838D4-8926-431A-A7F7-66DD5F86B22F}.Release|Any CPU.ActiveCfg = Release|Any CPU
		{27A838D4-8926-431A-A7F7-66DD5F86B22F}.Release|Any CPU.Build.0 = Release|Any CPU
		{27A838D4-8926-431A-A7F7-66DD5F86B22F}.Release|x64.ActiveCfg = Release|Any CPU
		{27A838D4-8926-431A-A7F7-66DD5F86B22F}.Release|x64.Build.0 = Release|Any CPU
		{27A838D4-8926-431A-A7F7-66DD5F86B22F}.Release|x86.ActiveCfg = Release|Any CPU
		{27A838D4-8926-431A-A7F7-66DD5F86B22F}.Release|x86.Build.0 = Release|Any CPU
		{BF235F74-5AEF-4419-BA20-CE18877A5FF9}.Debug|Any CPU.ActiveCfg = Debug|Any CPU
		{BF235F74-5AEF-4419-BA20-CE18877A5FF9}.Debug|Any CPU.Build.0 = Debug|Any CPU
		{BF235F74-5AEF-4419-BA20-CE18877A5FF9}.Debug|x64.ActiveCfg = Debug|Any CPU
		{BF235F74-5AEF-4419-BA20-CE18877A5FF9}.Debug|x64.Build.0 = Debug|Any CPU
		{BF235F74-5AEF-4419-BA20-CE18877A5FF9}.Debug|x86.ActiveCfg = Debug|Any CPU
		{BF235F74-5AEF-4419-BA20-CE18877A5FF9}.Debug|x86.Build.0 = Debug|Any CPU
		{BF235F74-5AEF-4419-BA20-CE18877A5FF9}.Release|Any CPU.ActiveCfg = Release|Any CPU
		{BF235F74-5AEF-4419-BA20-CE18877A5FF9}.Release|Any CPU.Build.0 = Release|Any CPU
		{BF235F74-5AEF-4419-BA20-CE18877A5FF9}.Release|x64.ActiveCfg = Release|Any CPU
		{BF235F74-5AEF-4419-BA20-CE18877A5FF9}.Release|x64.Build.0 = Release|Any CPU
		{BF235F74-5AEF-4419-BA20-CE18877A5FF9}.Release|x86.ActiveCfg = Release|Any CPU
		{BF235F74-5AEF-4419-BA20-CE18877A5FF9}.Release|x86.Build.0 = Release|Any CPU
		{AABF7B72-84B9-4E0B-98EB-A9FB9E9013EE}.Debug|Any CPU.ActiveCfg = Debug|Any CPU
		{AABF7B72-84B9-4E0B-98EB-A9FB9E9013EE}.Debug|Any CPU.Build.0 = Debug|Any CPU
		{AABF7B72-84B9-4E0B-98EB-A9FB9E9013EE}.Debug|x64.ActiveCfg = Debug|Any CPU
		{AABF7B72-84B9-4E0B-98EB-A9FB9E9013EE}.Debug|x64.Build.0 = Debug|Any CPU
		{AABF7B72-84B9-4E0B-98EB-A9FB9E9013EE}.Debug|x86.ActiveCfg = Debug|Any CPU
		{AABF7B72-84B9-4E0B-98EB-A9FB9E9013EE}.Debug|x86.Build.0 = Debug|Any CPU
		{AABF7B72-84B9-4E0B-98EB-A9FB9E9013EE}.Release|Any CPU.ActiveCfg = Release|Any CPU
		{AABF7B72-84B9-4E0B-98EB-A9FB9E9013EE}.Release|Any CPU.Build.0 = Release|Any CPU
		{AABF7B72-84B9-4E0B-98EB-A9FB9E9013EE}.Release|x64.ActiveCfg = Release|Any CPU
		{AABF7B72-84B9-4E0B-98EB-A9FB9E9013EE}.Release|x64.Build.0 = Release|Any CPU
		{AABF7B72-84B9-4E0B-98EB-A9FB9E9013EE}.Release|x86.ActiveCfg = Release|Any CPU
		{AABF7B72-84B9-4E0B-98EB-A9FB9E9013EE}.Release|x86.Build.0 = Release|Any CPU
	EndGlobalSection
	GlobalSection(SolutionProperties) = preSolution
		HideSolutionNode = FALSE
	EndGlobalSection
	GlobalSection(NestedProjects) = preSolution
		{561D2075-B93A-4642-8E30-8F198B686E14} = {880D47A6-338D-416A-88FB-7751CC1B9AAA}
		{BC5E41E5-B873-49E0-A54C-618C8C1F918D} = {95C1B34C-6510-4F1D-8404-450C0B29876E}
		{39EDDD45-BBDD-4308-924C-594B5FF80E15} = {880D47A6-338D-416A-88FB-7751CC1B9AAA}
		{27A838D4-8926-431A-A7F7-66DD5F86B22F} = {95C1B34C-6510-4F1D-8404-450C0B29876E}
		{BF235F74-5AEF-4419-BA20-CE18877A5FF9} = {880D47A6-338D-416A-88FB-7751CC1B9AAA}
		{AABF7B72-84B9-4E0B-98EB-A9FB9E9013EE} = {95C1B34C-6510-4F1D-8404-450C0B29876E}
	EndGlobalSection
EndGlobal
