
Microsoft Visual Studio Solution File, Format Version 12.00
# Visual Studio 15
VisualStudioVersion = 15.0.26124.0
MinimumVisualStudioVersion = 15.0.26124.0
Project("{2150E333-8FDC-42A3-9474-1A3956D46DE8}") = "src", "src", "{38D53532-1CA9-4795-B60D-BECABAE0FEC5}"
EndProject
Project("{FAE04EC0-301F-11D3-BF4B-00C04F79EFBC}") = "Psns.DDD", "src\Psns.DDD\Psns.DDD.csproj", "{65707547-1A40-42CE-85DA-C9ADEC919456}"
EndProject
Project("{2150E333-8FDC-42A3-9474-1A3956D46DE8}") = "test", "test", "{1FDA0270-DB91-4573-8032-AF69542DC148}"
EndProject
Project("{FAE04EC0-301F-11D3-BF4B-00C04F79EFBC}") = "Psns.DDD.UnitTests", "test\Psns.DDD.UnitTests\Psns.DDD.UnitTests.csproj", "{D59E4F1B-81BC-4FFA-A6E8-71B7BD1CC6DB}"
EndProject
Global
	GlobalSection(SolutionConfigurationPlatforms) = preSolution
		Debug|Any CPU = Debug|Any CPU
		Debug|x64 = Debug|x64
		Debug|x86 = Debug|x86
		Release|Any CPU = Release|Any CPU
		Release|x64 = Release|x64
		Release|x86 = Release|x86
	EndGlobalSection
	GlobalSection(SolutionProperties) = preSolution
		HideSolutionNode = FALSE
	EndGlobalSection
	GlobalSection(ProjectConfigurationPlatforms) = postSolution
		{65707547-1A40-42CE-85DA-C9ADEC919456}.Debug|Any CPU.ActiveCfg = Debug|Any CPU
		{65707547-1A40-42CE-85DA-C9ADEC919456}.Debug|Any CPU.Build.0 = Debug|Any CPU
		{65707547-1A40-42CE-85DA-C9ADEC919456}.Debug|x64.ActiveCfg = Debug|Any CPU
		{65707547-1A40-42CE-85DA-C9ADEC919456}.Debug|x64.Build.0 = Debug|Any CPU
		{65707547-1A40-42CE-85DA-C9ADEC919456}.Debug|x86.ActiveCfg = Debug|Any CPU
		{65707547-1A40-42CE-85DA-C9ADEC919456}.Debug|x86.Build.0 = Debug|Any CPU
		{65707547-1A40-42CE-85DA-C9ADEC919456}.Release|Any CPU.ActiveCfg = Release|Any CPU
		{65707547-1A40-42CE-85DA-C9ADEC919456}.Release|Any CPU.Build.0 = Release|Any CPU
		{65707547-1A40-42CE-85DA-C9ADEC919456}.Release|x64.ActiveCfg = Release|Any CPU
		{65707547-1A40-42CE-85DA-C9ADEC919456}.Release|x64.Build.0 = Release|Any CPU
		{65707547-1A40-42CE-85DA-C9ADEC919456}.Release|x86.ActiveCfg = Release|Any CPU
		{65707547-1A40-42CE-85DA-C9ADEC919456}.Release|x86.Build.0 = Release|Any CPU
		{D59E4F1B-81BC-4FFA-A6E8-71B7BD1CC6DB}.Debug|Any CPU.ActiveCfg = Debug|Any CPU
		{D59E4F1B-81BC-4FFA-A6E8-71B7BD1CC6DB}.Debug|Any CPU.Build.0 = Debug|Any CPU
		{D59E4F1B-81BC-4FFA-A6E8-71B7BD1CC6DB}.Debug|x64.ActiveCfg = Debug|Any CPU
		{D59E4F1B-81BC-4FFA-A6E8-71B7BD1CC6DB}.Debug|x64.Build.0 = Debug|Any CPU
		{D59E4F1B-81BC-4FFA-A6E8-71B7BD1CC6DB}.Debug|x86.ActiveCfg = Debug|Any CPU
		{D59E4F1B-81BC-4FFA-A6E8-71B7BD1CC6DB}.Debug|x86.Build.0 = Debug|Any CPU
		{D59E4F1B-81BC-4FFA-A6E8-71B7BD1CC6DB}.Release|Any CPU.ActiveCfg = Release|Any CPU
		{D59E4F1B-81BC-4FFA-A6E8-71B7BD1CC6DB}.Release|Any CPU.Build.0 = Release|Any CPU
		{D59E4F1B-81BC-4FFA-A6E8-71B7BD1CC6DB}.Release|x64.ActiveCfg = Release|Any CPU
		{D59E4F1B-81BC-4FFA-A6E8-71B7BD1CC6DB}.Release|x64.Build.0 = Release|Any CPU
		{D59E4F1B-81BC-4FFA-A6E8-71B7BD1CC6DB}.Release|x86.ActiveCfg = Release|Any CPU
		{D59E4F1B-81BC-4FFA-A6E8-71B7BD1CC6DB}.Release|x86.Build.0 = Release|Any CPU
	EndGlobalSection
	GlobalSection(NestedProjects) = preSolution
		{65707547-1A40-42CE-85DA-C9ADEC919456} = {38D53532-1CA9-4795-B60D-BECABAE0FEC5}
		{D59E4F1B-81BC-4FFA-A6E8-71B7BD1CC6DB} = {1FDA0270-DB91-4573-8032-AF69542DC148}
	EndGlobalSection
EndGlobal
